
Microsoft Visual Studio Solution File, Format Version 12.00
# Visual Studio 14
VisualStudioVersion = 14.0.22310.1
MinimumVisualStudioVersion = 10.0.40219.1
Project("{FAE04EC0-301F-11D3-BF4B-00C04F79EFBC}") = "Utils", "Utils\Utils.csproj", "{0183AC29-C3F9-4422-B30A-C06D55D7BB49}"
EndProject
Project("{FAE04EC0-301F-11D3-BF4B-00C04F79EFBC}") = "Jiranator", "Jiranator\Jiranator.csproj", "{CBB1117E-9DA3-4163-A08F-39AAE8A50D32}"
EndProject
Project("{FAE04EC0-301F-11D3-BF4B-00C04F79EFBC}") = "Burr", "Burr\Burr.csproj", "{8B1C865D-B8C6-4710-9F53-4C2ABB56B76D}"
EndProject
Project("{FAE04EC0-301F-11D3-BF4B-00C04F79EFBC}") = "Jirzooky", "Jirzooky\Jirzooky.csproj", "{74E0C973-75DE-4EC7-AFAF-F97DB593519F}"
EndProject
Project("{2150E333-8FDC-42A3-9474-1A3956D46DE8}") = "Jirate", "Jirate", "{5F39E817-AA20-4BB3-915F-73AA68C79237}"
EndProject
Project("{D954291E-2A0B-460D-934E-DC6B0785DB48}") = "Jirate.Shared", "Jirate\Jirate.Shared\Jirate.Shared.shproj", "{43552F69-9A10-4467-AC7A-226AEDCD24CB}"
EndProject
Project("{FAE04EC0-301F-11D3-BF4B-00C04F79EFBC}") = "Jirate.Windows", "Jirate\Jirate.Windows\Jirate.Windows.csproj", "{32672895-8A41-4938-8584-923AD871A0C4}"
EndProject
Project("{FAE04EC0-301F-11D3-BF4B-00C04F79EFBC}") = "Jirate.WindowsPhone", "Jirate\Jirate.WindowsPhone\Jirate.WindowsPhone.csproj", "{5BAAB0AA-4F12-4DCD-BEE0-B70B7A7EFD56}"
EndProject
Project("{FAE04EC0-301F-11D3-BF4B-00C04F79EFBC}") = "Normalize", "Normalize\Normalize.csproj", "{BCE4D1B6-CF26-4219-AF00-4C51157817CE}"
EndProject
Project("{FAE04EC0-301F-11D3-BF4B-00C04F79EFBC}") = "Kanga", "Kanga\Kanga.csproj", "{AE599796-E378-4CCD-8C18-CAAF20B1A5BE}"
EndProject
Global
	GlobalSection(SharedMSBuildProjectFiles) = preSolution
		Jirate\Jirate.Shared\Jirate.Shared.projitems*{5baab0aa-4f12-4dcd-bee0-b70b7a7efd56}*SharedItemsImports = 4
		Jirate\Jirate.Shared\Jirate.Shared.projitems*{43552f69-9a10-4467-ac7a-226aedcd24cb}*SharedItemsImports = 13
		Jirate\Jirate.Shared\Jirate.Shared.projitems*{32672895-8a41-4938-8584-923ad871a0c4}*SharedItemsImports = 4
	EndGlobalSection
	GlobalSection(SolutionConfigurationPlatforms) = preSolution
		Debug|Any CPU = Debug|Any CPU
		Debug|ARM = Debug|ARM
		Debug|x64 = Debug|x64
		Debug|x86 = Debug|x86
		Release|Any CPU = Release|Any CPU
		Release|ARM = Release|ARM
		Release|x64 = Release|x64
		Release|x86 = Release|x86
	EndGlobalSection
	GlobalSection(ProjectConfigurationPlatforms) = postSolution
		{0183AC29-C3F9-4422-B30A-C06D55D7BB49}.Debug|Any CPU.ActiveCfg = Debug|Any CPU
		{0183AC29-C3F9-4422-B30A-C06D55D7BB49}.Debug|Any CPU.Build.0 = Debug|Any CPU
		{0183AC29-C3F9-4422-B30A-C06D55D7BB49}.Debug|ARM.ActiveCfg = Debug|Any CPU
		{0183AC29-C3F9-4422-B30A-C06D55D7BB49}.Debug|x64.ActiveCfg = Debug|Any CPU
		{0183AC29-C3F9-4422-B30A-C06D55D7BB49}.Debug|x86.ActiveCfg = Debug|Any CPU
		{0183AC29-C3F9-4422-B30A-C06D55D7BB49}.Release|Any CPU.ActiveCfg = Release|Any CPU
		{0183AC29-C3F9-4422-B30A-C06D55D7BB49}.Release|Any CPU.Build.0 = Release|Any CPU
		{0183AC29-C3F9-4422-B30A-C06D55D7BB49}.Release|ARM.ActiveCfg = Release|Any CPU
		{0183AC29-C3F9-4422-B30A-C06D55D7BB49}.Release|x64.ActiveCfg = Release|Any CPU
		{0183AC29-C3F9-4422-B30A-C06D55D7BB49}.Release|x86.ActiveCfg = Release|Any CPU
		{CBB1117E-9DA3-4163-A08F-39AAE8A50D32}.Debug|Any CPU.ActiveCfg = Debug|Any CPU
		{CBB1117E-9DA3-4163-A08F-39AAE8A50D32}.Debug|Any CPU.Build.0 = Debug|Any CPU
		{CBB1117E-9DA3-4163-A08F-39AAE8A50D32}.Debug|ARM.ActiveCfg = Debug|Any CPU
		{CBB1117E-9DA3-4163-A08F-39AAE8A50D32}.Debug|x64.ActiveCfg = Debug|Any CPU
		{CBB1117E-9DA3-4163-A08F-39AAE8A50D32}.Debug|x86.ActiveCfg = Debug|Any CPU
		{CBB1117E-9DA3-4163-A08F-39AAE8A50D32}.Release|Any CPU.ActiveCfg = Release|Any CPU
		{CBB1117E-9DA3-4163-A08F-39AAE8A50D32}.Release|Any CPU.Build.0 = Release|Any CPU
		{CBB1117E-9DA3-4163-A08F-39AAE8A50D32}.Release|ARM.ActiveCfg = Release|Any CPU
		{CBB1117E-9DA3-4163-A08F-39AAE8A50D32}.Release|x64.ActiveCfg = Release|Any CPU
		{CBB1117E-9DA3-4163-A08F-39AAE8A50D32}.Release|x86.ActiveCfg = Release|Any CPU
		{8B1C865D-B8C6-4710-9F53-4C2ABB56B76D}.Debug|Any CPU.ActiveCfg = Debug|Any CPU
		{8B1C865D-B8C6-4710-9F53-4C2ABB56B76D}.Debug|Any CPU.Build.0 = Debug|Any CPU
		{8B1C865D-B8C6-4710-9F53-4C2ABB56B76D}.Debug|ARM.ActiveCfg = Debug|Any CPU
		{8B1C865D-B8C6-4710-9F53-4C2ABB56B76D}.Debug|x64.ActiveCfg = Debug|Any CPU
		{8B1C865D-B8C6-4710-9F53-4C2ABB56B76D}.Debug|x86.ActiveCfg = Debug|Any CPU
		{8B1C865D-B8C6-4710-9F53-4C2ABB56B76D}.Release|Any CPU.ActiveCfg = Release|Any CPU
		{8B1C865D-B8C6-4710-9F53-4C2ABB56B76D}.Release|Any CPU.Build.0 = Release|Any CPU
		{8B1C865D-B8C6-4710-9F53-4C2ABB56B76D}.Release|ARM.ActiveCfg = Release|Any CPU
		{8B1C865D-B8C6-4710-9F53-4C2ABB56B76D}.Release|x64.ActiveCfg = Release|Any CPU
		{8B1C865D-B8C6-4710-9F53-4C2ABB56B76D}.Release|x86.ActiveCfg = Release|Any CPU
		{74E0C973-75DE-4EC7-AFAF-F97DB593519F}.Debug|Any CPU.ActiveCfg = Debug|Any CPU
		{74E0C973-75DE-4EC7-AFAF-F97DB593519F}.Debug|Any CPU.Build.0 = Debug|Any CPU
		{74E0C973-75DE-4EC7-AFAF-F97DB593519F}.Debug|Any CPU.Deploy.0 = Debug|Any CPU
		{74E0C973-75DE-4EC7-AFAF-F97DB593519F}.Debug|ARM.ActiveCfg = Debug|ARM
		{74E0C973-75DE-4EC7-AFAF-F97DB593519F}.Debug|ARM.Build.0 = Debug|ARM
		{74E0C973-75DE-4EC7-AFAF-F97DB593519F}.Debug|ARM.Deploy.0 = Debug|ARM
		{74E0C973-75DE-4EC7-AFAF-F97DB593519F}.Debug|x64.ActiveCfg = Debug|Any CPU
		{74E0C973-75DE-4EC7-AFAF-F97DB593519F}.Debug|x86.ActiveCfg = Debug|x86
		{74E0C973-75DE-4EC7-AFAF-F97DB593519F}.Debug|x86.Build.0 = Debug|x86
		{74E0C973-75DE-4EC7-AFAF-F97DB593519F}.Debug|x86.Deploy.0 = Debug|x86
		{74E0C973-75DE-4EC7-AFAF-F97DB593519F}.Release|Any CPU.ActiveCfg = Release|Any CPU
		{74E0C973-75DE-4EC7-AFAF-F97DB593519F}.Release|Any CPU.Build.0 = Release|Any CPU
		{74E0C973-75DE-4EC7-AFAF-F97DB593519F}.Release|Any CPU.Deploy.0 = Release|Any CPU
		{74E0C973-75DE-4EC7-AFAF-F97DB593519F}.Release|ARM.ActiveCfg = Release|ARM
		{74E0C973-75DE-4EC7-AFAF-F97DB593519F}.Release|ARM.Build.0 = Release|ARM
		{74E0C973-75DE-4EC7-AFAF-F97DB593519F}.Release|ARM.Deploy.0 = Release|ARM
		{74E0C973-75DE-4EC7-AFAF-F97DB593519F}.Release|x64.ActiveCfg = Release|Any CPU
		{74E0C973-75DE-4EC7-AFAF-F97DB593519F}.Release|x86.ActiveCfg = Release|x86
		{74E0C973-75DE-4EC7-AFAF-F97DB593519F}.Release|x86.Build.0 = Release|x86
		{74E0C973-75DE-4EC7-AFAF-F97DB593519F}.Release|x86.Deploy.0 = Release|x86
		{32672895-8A41-4938-8584-923AD871A0C4}.Debug|Any CPU.ActiveCfg = Debug|Any CPU
		{32672895-8A41-4938-8584-923AD871A0C4}.Debug|Any CPU.Build.0 = Debug|Any CPU
		{32672895-8A41-4938-8584-923AD871A0C4}.Debug|Any CPU.Deploy.0 = Debug|Any CPU
		{32672895-8A41-4938-8584-923AD871A0C4}.Debug|ARM.ActiveCfg = Debug|ARM
		{32672895-8A41-4938-8584-923AD871A0C4}.Debug|ARM.Build.0 = Debug|ARM
		{32672895-8A41-4938-8584-923AD871A0C4}.Debug|ARM.Deploy.0 = Debug|ARM
		{32672895-8A41-4938-8584-923AD871A0C4}.Debug|x64.ActiveCfg = Debug|x64
		{32672895-8A41-4938-8584-923AD871A0C4}.Debug|x64.Build.0 = Debug|x64
		{32672895-8A41-4938-8584-923AD871A0C4}.Debug|x64.Deploy.0 = Debug|x64
		{32672895-8A41-4938-8584-923AD871A0C4}.Debug|x86.ActiveCfg = Debug|x86
		{32672895-8A41-4938-8584-923AD871A0C4}.Debug|x86.Build.0 = Debug|x86
		{32672895-8A41-4938-8584-923AD871A0C4}.Debug|x86.Deploy.0 = Debug|x86
		{32672895-8A41-4938-8584-923AD871A0C4}.Release|Any CPU.ActiveCfg = Release|Any CPU
		{32672895-8A41-4938-8584-923AD871A0C4}.Release|Any CPU.Build.0 = Release|Any CPU
		{32672895-8A41-4938-8584-923AD871A0C4}.Release|Any CPU.Deploy.0 = Release|Any CPU
		{32672895-8A41-4938-8584-923AD871A0C4}.Release|ARM.ActiveCfg = Release|ARM
		{32672895-8A41-4938-8584-923AD871A0C4}.Release|ARM.Build.0 = Release|ARM
		{32672895-8A41-4938-8584-923AD871A0C4}.Release|ARM.Deploy.0 = Release|ARM
		{32672895-8A41-4938-8584-923AD871A0C4}.Release|x64.ActiveCfg = Release|x64
		{32672895-8A41-4938-8584-923AD871A0C4}.Release|x64.Build.0 = Release|x64
		{32672895-8A41-4938-8584-923AD871A0C4}.Release|x64.Deploy.0 = Release|x64
		{32672895-8A41-4938-8584-923AD871A0C4}.Release|x86.ActiveCfg = Release|x86
		{32672895-8A41-4938-8584-923AD871A0C4}.Release|x86.Build.0 = Release|x86
		{32672895-8A41-4938-8584-923AD871A0C4}.Release|x86.Deploy.0 = Release|x86
		{5BAAB0AA-4F12-4DCD-BEE0-B70B7A7EFD56}.Debug|Any CPU.ActiveCfg = Debug|Any CPU
		{5BAAB0AA-4F12-4DCD-BEE0-B70B7A7EFD56}.Debug|Any CPU.Build.0 = Debug|Any CPU
		{5BAAB0AA-4F12-4DCD-BEE0-B70B7A7EFD56}.Debug|Any CPU.Deploy.0 = Debug|Any CPU
		{5BAAB0AA-4F12-4DCD-BEE0-B70B7A7EFD56}.Debug|ARM.ActiveCfg = Debug|ARM
		{5BAAB0AA-4F12-4DCD-BEE0-B70B7A7EFD56}.Debug|ARM.Build.0 = Debug|ARM
		{5BAAB0AA-4F12-4DCD-BEE0-B70B7A7EFD56}.Debug|ARM.Deploy.0 = Debug|ARM
		{5BAAB0AA-4F12-4DCD-BEE0-B70B7A7EFD56}.Debug|x64.ActiveCfg = Debug|Any CPU
		{5BAAB0AA-4F12-4DCD-BEE0-B70B7A7EFD56}.Debug|x86.ActiveCfg = Debug|x86
		{5BAAB0AA-4F12-4DCD-BEE0-B70B7A7EFD56}.Debug|x86.Build.0 = Debug|x86
		{5BAAB0AA-4F12-4DCD-BEE0-B70B7A7EFD56}.Debug|x86.Deploy.0 = Debug|x86
		{5BAAB0AA-4F12-4DCD-BEE0-B70B7A7EFD56}.Release|Any CPU.ActiveCfg = Release|Any CPU
		{5BAAB0AA-4F12-4DCD-BEE0-B70B7A7EFD56}.Release|Any CPU.Build.0 = Release|Any CPU
		{5BAAB0AA-4F12-4DCD-BEE0-B70B7A7EFD56}.Release|Any CPU.Deploy.0 = Release|Any CPU
		{5BAAB0AA-4F12-4DCD-BEE0-B70B7A7EFD56}.Release|ARM.ActiveCfg = Release|ARM
		{5BAAB0AA-4F12-4DCD-BEE0-B70B7A7EFD56}.Release|ARM.Build.0 = Release|ARM
		{5BAAB0AA-4F12-4DCD-BEE0-B70B7A7EFD56}.Release|ARM.Deploy.0 = Release|ARM
		{5BAAB0AA-4F12-4DCD-BEE0-B70B7A7EFD56}.Release|x64.ActiveCfg = Release|Any CPU
		{5BAAB0AA-4F12-4DCD-BEE0-B70B7A7EFD56}.Release|x86.ActiveCfg = Release|x86
		{5BAAB0AA-4F12-4DCD-BEE0-B70B7A7EFD56}.Release|x86.Build.0 = Release|x86
		{5BAAB0AA-4F12-4DCD-BEE0-B70B7A7EFD56}.Release|x86.Deploy.0 = Release|x86
		{BCE4D1B6-CF26-4219-AF00-4C51157817CE}.Debug|Any CPU.ActiveCfg = Debug|Any CPU
		{BCE4D1B6-CF26-4219-AF00-4C51157817CE}.Debug|Any CPU.Build.0 = Debug|Any CPU
		{BCE4D1B6-CF26-4219-AF00-4C51157817CE}.Debug|ARM.ActiveCfg = Debug|Any CPU
		{BCE4D1B6-CF26-4219-AF00-4C51157817CE}.Debug|x64.ActiveCfg = Debug|Any CPU
		{BCE4D1B6-CF26-4219-AF00-4C51157817CE}.Debug|x86.ActiveCfg = Debug|Any CPU
		{BCE4D1B6-CF26-4219-AF00-4C51157817CE}.Release|Any CPU.ActiveCfg = Release|Any CPU
		{BCE4D1B6-CF26-4219-AF00-4C51157817CE}.Release|Any CPU.Build.0 = Release|Any CPU
		{BCE4D1B6-CF26-4219-AF00-4C51157817CE}.Release|ARM.ActiveCfg = Release|Any CPU
		{BCE4D1B6-CF26-4219-AF00-4C51157817CE}.Release|x64.ActiveCfg = Release|Any CPU
		{BCE4D1B6-CF26-4219-AF00-4C51157817CE}.Release|x86.ActiveCfg = Release|Any CPU
		{AE599796-E378-4CCD-8C18-CAAF20B1A5BE}.Debug|Any CPU.ActiveCfg = Debug|Any CPU
		{AE599796-E378-4CCD-8C18-CAAF20B1A5BE}.Debug|Any CPU.Build.0 = Debug|Any CPU
		{AE599796-E378-4CCD-8C18-CAAF20B1A5BE}.Debug|ARM.ActiveCfg = Debug|Any CPU
		{AE599796-E378-4CCD-8C18-CAAF20B1A5BE}.Debug|ARM.Build.0 = Debug|Any CPU
		{AE599796-E378-4CCD-8C18-CAAF20B1A5BE}.Debug|x64.ActiveCfg = Debug|Any CPU
		{AE599796-E378-4CCD-8C18-CAAF20B1A5BE}.Debug|x64.Build.0 = Debug|Any CPU
		{AE599796-E378-4CCD-8C18-CAAF20B1A5BE}.Debug|x86.ActiveCfg = Debug|Any CPU
		{AE599796-E378-4CCD-8C18-CAAF20B1A5BE}.Debug|x86.Build.0 = Debug|Any CPU
		{AE599796-E378-4CCD-8C18-CAAF20B1A5BE}.Release|Any CPU.ActiveCfg = Release|Any CPU
		{AE599796-E378-4CCD-8C18-CAAF20B1A5BE}.Release|Any CPU.Build.0 = Release|Any CPU
		{AE599796-E378-4CCD-8C18-CAAF20B1A5BE}.Release|ARM.ActiveCfg = Release|Any CPU
		{AE599796-E378-4CCD-8C18-CAAF20B1A5BE}.Release|ARM.Build.0 = Release|Any CPU
		{AE599796-E378-4CCD-8C18-CAAF20B1A5BE}.Release|x64.ActiveCfg = Release|Any CPU
		{AE599796-E378-4CCD-8C18-CAAF20B1A5BE}.Release|x64.Build.0 = Release|Any CPU
		{AE599796-E378-4CCD-8C18-CAAF20B1A5BE}.Release|x86.ActiveCfg = Release|Any CPU
		{AE599796-E378-4CCD-8C18-CAAF20B1A5BE}.Release|x86.Build.0 = Release|Any CPU
	EndGlobalSection
	GlobalSection(SolutionProperties) = preSolution
		HideSolutionNode = FALSE
	EndGlobalSection
	GlobalSection(NestedProjects) = preSolution
		{43552F69-9A10-4467-AC7A-226AEDCD24CB} = {5F39E817-AA20-4BB3-915F-73AA68C79237}
		{32672895-8A41-4938-8584-923AD871A0C4} = {5F39E817-AA20-4BB3-915F-73AA68C79237}
		{5BAAB0AA-4F12-4DCD-BEE0-B70B7A7EFD56} = {5F39E817-AA20-4BB3-915F-73AA68C79237}
	EndGlobalSection
EndGlobal
